
Microsoft Visual Studio Solution File, Format Version 12.00
# Visual Studio Version 17
VisualStudioVersion = 17.5.33627.172
MinimumVisualStudioVersion = 10.0.40219.1
Project("{9A19103F-16F7-4668-BE54-9A1E7A4F7556}") = "JiraLib", "JiraLib\JiraLib.csproj", "{8DBFAC77-3744-4A49-B779-AEBAB3F728C6}"
EndProject
Project("{FAE04EC0-301F-11D3-BF4B-00C04F79EFBC}") = "JiraCli", "JiraCli\JiraCli.csproj", "{68133262-CA5C-4333-8151-9D277F693430}"
EndProject
Global
	GlobalSection(SolutionConfigurationPlatforms) = preSolution
		Debug|Any CPU = Debug|Any CPU
		Release|Any CPU = Release|Any CPU
	EndGlobalSection
	GlobalSection(ProjectConfigurationPlatforms) = postSolution
		{8DBFAC77-3744-4A49-B779-AEBAB3F728C6}.Debug|Any CPU.ActiveCfg = Debug|Any CPU
		{8DBFAC77-3744-4A49-B779-AEBAB3F728C6}.Debug|Any CPU.Build.0 = Debug|Any CPU
		{8DBFAC77-3744-4A49-B779-AEBAB3F728C6}.Release|Any CPU.ActiveCfg = Release|Any CPU
		{8DBFAC77-3744-4A49-B779-AEBAB3F728C6}.Release|Any CPU.Build.0 = Release|Any CPU
		{68133262-CA5C-4333-8151-9D277F693430}.Debug|Any CPU.ActiveCfg = Debug|Any CPU
		{68133262-CA5C-4333-8151-9D277F693430}.Debug|Any CPU.Build.0 = Debug|Any CPU
		{68133262-CA5C-4333-8151-9D277F693430}.Release|Any CPU.ActiveCfg = Release|Any CPU
		{68133262-CA5C-4333-8151-9D277F693430}.Release|Any CPU.Build.0 = Release|Any CPU
	EndGlobalSection
	GlobalSection(SolutionProperties) = preSolution
		HideSolutionNode = FALSE
	EndGlobalSection
	GlobalSection(ExtensibilityGlobals) = postSolution
		SolutionGuid = {BE694760-5C5F-4769-B20C-5E106B8D56C7}
	EndGlobalSection
EndGlobal
